
Microsoft Visual Studio Solution File, Format Version 12.00
# Visual Studio Version 17
VisualStudioVersion = 17.11.35312.102
MinimumVisualStudioVersion = 10.0.40219.1
Project("{FAE04EC0-301F-11D3-BF4B-00C04F79EFBC}") = "luyenTapWeb1", "luyenTapWeb1\luyenTapWeb1.csproj", "{50E31365-F328-4D5F-AD05-A0FA1180CC94}"
EndProject
Global
	GlobalSection(SolutionConfigurationPlatforms) = preSolution
		Debug|Any CPU = Debug|Any CPU
		Release|Any CPU = Release|Any CPU
	EndGlobalSection
	GlobalSection(ProjectConfigurationPlatforms) = postSolution
		{50E31365-F328-4D5F-AD05-A0FA1180CC94}.Debug|Any CPU.ActiveCfg = Debug|Any CPU
		{50E31365-F328-4D5F-AD05-A0FA1180CC94}.Debug|Any CPU.Build.0 = Debug|Any CPU
		{50E31365-F328-4D5F-AD05-A0FA1180CC94}.Release|Any CPU.ActiveCfg = Release|Any CPU
		{50E31365-F328-4D5F-AD05-A0FA1180CC94}.Release|Any CPU.Build.0 = Release|Any CPU
	EndGlobalSection
	GlobalSection(SolutionProperties) = preSolution
		HideSolutionNode = FALSE
	EndGlobalSection
	GlobalSection(ExtensibilityGlobals) = postSolution
		SolutionGuid = {E8B73BD8-B09D-41C5-8465-0870D3D092D8}
	EndGlobalSection
EndGlobal
